
Microsoft Visual Studio Solution File, Format Version 12.00
# Visual Studio Version 17
VisualStudioVersion = 17.8.34330.188
MinimumVisualStudioVersion = 10.0.40219.1
Project("{FAE04EC0-301F-11D3-BF4B-00C04F79EFBC}") = "NotDefterim", "NotDefterim\NotDefterim.csproj", "{095EE10E-4B83-4E76-88A1-2FE9E42F0EA8}"
EndProject
Project("{54435603-DBB4-11D2-8724-00A0C9A8B90C}") = "NotDefterimSetup", "..\NotDefterimSetup\NotDefterimSetup.vdproj", "{E46354AA-2004-4FC1-B505-29B37A42E6F6}"
EndProject
Global
	GlobalSection(SolutionConfigurationPlatforms) = preSolution
		Debug|Any CPU = Debug|Any CPU
		Release|Any CPU = Release|Any CPU
	EndGlobalSection
	GlobalSection(ProjectConfigurationPlatforms) = postSolution
		{095EE10E-4B83-4E76-88A1-2FE9E42F0EA8}.Debug|Any CPU.ActiveCfg = Debug|Any CPU
		{095EE10E-4B83-4E76-88A1-2FE9E42F0EA8}.Debug|Any CPU.Build.0 = Debug|Any CPU
		{095EE10E-4B83-4E76-88A1-2FE9E42F0EA8}.Release|Any CPU.ActiveCfg = Release|Any CPU
		{095EE10E-4B83-4E76-88A1-2FE9E42F0EA8}.Release|Any CPU.Build.0 = Release|Any CPU
		{E46354AA-2004-4FC1-B505-29B37A42E6F6}.Debug|Any CPU.ActiveCfg = Debug
		{E46354AA-2004-4FC1-B505-29B37A42E6F6}.Release|Any CPU.ActiveCfg = Release
	EndGlobalSection
	GlobalSection(SolutionProperties) = preSolution
		HideSolutionNode = FALSE
	EndGlobalSection
	GlobalSection(ExtensibilityGlobals) = postSolution
		SolutionGuid = {DA003F54-DAAF-4131-A966-E37788243DD4}
	EndGlobalSection
EndGlobal
